// !$*UTF8*$!
{
	archiveVersion = 1;
	classes = {
	};
	objectVersion = 46;
	objects = {

/* Begin PBXBuildFile section */
		C51E4A7016D35C2000F908C3 /* Cocoa.framework in Frameworks */ = {isa = PBXBuildFile; fileRef = C51E4A6F16D35C2000F908C3 /* Cocoa.framework */; };
		C51E4A7A16D35C2000F908C3 /* InfoPlist.strings in Resources */ = {isa = PBXBuildFile; fileRef = C51E4A7816D35C2000F908C3 /* InfoPlist.strings */; };
		C51E4A7C16D35C2000F908C3 /* main.m in Sources */ = {isa = PBXBuildFile; fileRef = C51E4A7B16D35C2000F908C3 /* main.m */; };
		C51E4A8016D35C2000F908C3 /* Credits.rtf in Resources */ = {isa = PBXBuildFile; fileRef = C51E4A7E16D35C2000F908C3 /* Credits.rtf */; };
		C51E4A8316D35C2000F908C3 /* AppDelegate.m in Sources */ = {isa = PBXBuildFile; fileRef = C51E4A8216D35C2000F908C3 /* AppDelegate.m */; };
		C51E4A8616D35C2000F908C3 /* MainMenu.xib in Resources */ = {isa = PBXBuildFile; fileRef = C51E4A8416D35C2000F908C3 /* MainMenu.xib */; };
		C51E4A8E16D35C4200F908C3 /* ALSplitView.m in Sources */ = {isa = PBXBuildFile; fileRef = C51E4A8D16D35C4200F908C3 /* ALSplitView.m */; };
/* End PBXBuildFile section */

/* Begin PBXFileReference section */
		C51E4A6C16D35C2000F908C3 /* ALSplitViewDemo.app */ = {isa = PBXFileReference; explicitFileType = wrapper.application; includeInIndex = 0; path = ALSplitViewDemo.app; sourceTree = BUILT_PRODUCTS_DIR; };
		C51E4A6F16D35C2000F908C3 /* Cocoa.framework */ = {isa = PBXFileReference; lastKnownFileType = wrapper.framework; name = Cocoa.framework; path = System/Library/Frameworks/Cocoa.framework; sourceTree = SDKROOT; };
		C51E4A7216D35C2000F908C3 /* AppKit.framework */ = {isa = PBXFileReference; lastKnownFileType = wrapper.framework; name = AppKit.framework; path = System/Library/Frameworks/AppKit.framework; sourceTree = SDKROOT; };
		C51E4A7316D35C2000F908C3 /* CoreData.framework */ = {isa = PBXFileReference; lastKnownFileType = wrapper.framework; name = CoreData.framework; path = System/Library/Frameworks/CoreData.framework; sourceTree = SDKROOT; };
		C51E4A7416D35C2000F908C3 /* Foundation.framework */ = {isa = PBXFileReference; lastKnownFileType = wrapper.framework; name = Foundation.framework; path = System/Library/Frameworks/Foundation.framework; sourceTree = SDKROOT; };
		C51E4A7716D35C2000F908C3 /* ALSplitViewDemo-Info.plist */ = {isa = PBXFileReference; lastKnownFileType = text.plist.xml; path = "ALSplitViewDemo-Info.plist"; sourceTree = "<group>"; };
		C51E4A7916D35C2000F908C3 /* en */ = {isa = PBXFileReference; lastKnownFileType = text.plist.strings; name = en; path = en.lproj/InfoPlist.strings; sourceTree = "<group>"; };
		C51E4A7B16D35C2000F908C3 /* main.m */ = {isa = PBXFileReference; lastKnownFileType = sourcecode.c.objc; path = main.m; sourceTree = "<group>"; };
		C51E4A7D16D35C2000F908C3 /* ALSplitViewDemo-Prefix.pch */ = {isa = PBXFileReference; lastKnownFileType = sourcecode.c.h; path = "ALSplitViewDemo-Prefix.pch"; sourceTree = "<group>"; };
		C51E4A7F16D35C2000F908C3 /* en */ = {isa = PBXFileReference; lastKnownFileType = text.rtf; name = en; path = en.lproj/Credits.rtf; sourceTree = "<group>"; };
		C51E4A8116D35C2000F908C3 /* AppDelegate.h */ = {isa = PBXFileReference; lastKnownFileType = sourcecode.c.h; path = AppDelegate.h; sourceTree = "<group>"; };
		C51E4A8216D35C2000F908C3 /* AppDelegate.m */ = {isa = PBXFileReference; lastKnownFileType = sourcecode.c.objc; path = AppDelegate.m; sourceTree = "<group>"; };
		C51E4A8516D35C2000F908C3 /* en */ = {isa = PBXFileReference; lastKnownFileType = file.xib; name = en; path = en.lproj/MainMenu.xib; sourceTree = "<group>"; };
		C51E4A8C16D35C4200F908C3 /* ALSplitView.h */ = {isa = PBXFileReference; fileEncoding = 4; lastKnownFileType = sourcecode.c.h; name = ALSplitView.h; path = ALSplitView/ALSplitView.h; sourceTree = "<group>"; };
		C51E4A8D16D35C4200F908C3 /* ALSplitView.m */ = {isa = PBXFileReference; fileEncoding = 4; lastKnownFileType = sourcecode.c.objc; name = ALSplitView.m; path = ALSplitView/ALSplitView.m; sourceTree = "<group>"; };
/* End PBXFileReference section */

/* Begin PBXFrameworksBuildPhase section */
		C51E4A6916D35C2000F908C3 /* Frameworks */ = {
			isa = PBXFrameworksBuildPhase;
			buildActionMask = 2147483647;
			files = (
				C51E4A7016D35C2000F908C3 /* Cocoa.framework in Frameworks */,
			);
			runOnlyForDeploymentPostprocessing = 0;
		};
/* End PBXFrameworksBuildPhase section */

/* Begin PBXGroup section */
		C51E4A6316D35C2000F908C3 = {
			isa = PBXGroup;
			children = (
				C51E4A8F16D35C4900F908C3 /* ALSplitView */,
				C51E4A7516D35C2000F908C3 /* ALSplitViewDemo */,
				C51E4A6E16D35C2000F908C3 /* Frameworks */,
				C51E4A6D16D35C2000F908C3 /* Products */,
			);
			sourceTree = "<group>";
		};
		C51E4A6D16D35C2000F908C3 /* Products */ = {
			isa = PBXGroup;
			children = (
				C51E4A6C16D35C2000F908C3 /* ALSplitViewDemo.app */,
			);
			name = Products;
			sourceTree = "<group>";
		};
		C51E4A6E16D35C2000F908C3 /* Frameworks */ = {
			isa = PBXGroup;
			children = (
				C51E4A6F16D35C2000F908C3 /* Cocoa.framework */,
				C51E4A7116D35C2000F908C3 /* Other Frameworks */,
			);
			name = Frameworks;
			sourceTree = "<group>";
		};
		C51E4A7116D35C2000F908C3 /* Other Frameworks */ = {
			isa = PBXGroup;
			children = (
				C51E4A7216D35C2000F908C3 /* AppKit.framework */,
				C51E4A7316D35C2000F908C3 /* CoreData.framework */,
				C51E4A7416D35C2000F908C3 /* Foundation.framework */,
			);
			name = "Other Frameworks";
			sourceTree = "<group>";
		};
		C51E4A7516D35C2000F908C3 /* ALSplitViewDemo */ = {
			isa = PBXGroup;
			children = (
				C51E4A8116D35C2000F908C3 /* AppDelegate.h */,
				C51E4A8216D35C2000F908C3 /* AppDelegate.m */,
				C51E4A8416D35C2000F908C3 /* MainMenu.xib */,
				C51E4A7616D35C2000F908C3 /* Supporting Files */,
			);
			path = ALSplitViewDemo;
			sourceTree = "<group>";
		};
		C51E4A7616D35C2000F908C3 /* Supporting Files */ = {
			isa = PBXGroup;
			children = (
				C51E4A7716D35C2000F908C3 /* ALSplitViewDemo-Info.plist */,
				C51E4A7816D35C2000F908C3 /* InfoPlist.strings */,
				C51E4A7B16D35C2000F908C3 /* main.m */,
				C51E4A7D16D35C2000F908C3 /* ALSplitViewDemo-Prefix.pch */,
				C51E4A7E16D35C2000F908C3 /* Credits.rtf */,
			);
			name = "Supporting Files";
			sourceTree = "<group>";
		};
		C51E4A8F16D35C4900F908C3 /* ALSplitView */ = {
			isa = PBXGroup;
			children = (
				C51E4A8C16D35C4200F908C3 /* ALSplitView.h */,
				C51E4A8D16D35C4200F908C3 /* ALSplitView.m */,
			);
			name = ALSplitView;
			sourceTree = "<group>";
		};
/* End PBXGroup section */

/* Begin PBXNativeTarget section */
		C51E4A6B16D35C2000F908C3 /* ALSplitViewDemo */ = {
			isa = PBXNativeTarget;
			buildConfigurationList = C51E4A8916D35C2000F908C3 /* Build configuration list for PBXNativeTarget "ALSplitViewDemo" */;
			buildPhases = (
				C51E4A6816D35C2000F908C3 /* Sources */,
				C51E4A6916D35C2000F908C3 /* Frameworks */,
				C51E4A6A16D35C2000F908C3 /* Resources */,
			);
			buildRules = (
			);
			dependencies = (
			);
			name = ALSplitViewDemo;
			productName = ALSplitViewDemo;
			productReference = C51E4A6C16D35C2000F908C3 /* ALSplitViewDemo.app */;
			productType = "com.apple.product-type.application";
		};
/* End PBXNativeTarget section */

/* Begin PBXProject section */
		C51E4A6416D35C2000F908C3 /* Project object */ = {
			isa = PBXProject;
			attributes = {
				LastUpgradeCheck = 0460;
				ORGANIZATIONNAME = silvansky;
			};
			buildConfigurationList = C51E4A6716D35C2000F908C3 /* Build configuration list for PBXProject "ALSplitViewDemo" */;
			compatibilityVersion = "Xcode 3.2";
			developmentRegion = English;
			hasScannedForEncodings = 0;
			knownRegions = (
				en,
			);
			mainGroup = C51E4A6316D35C2000F908C3;
			productRefGroup = C51E4A6D16D35C2000F908C3 /* Products */;
			projectDirPath = "";
			projectRoot = "";
			targets = (
				C51E4A6B16D35C2000F908C3 /* ALSplitViewDemo */,
			);
		};
/* End PBXProject section */

/* Begin PBXResourcesBuildPhase section */
		C51E4A6A16D35C2000F908C3 /* Resources */ = {
			isa = PBXResourcesBuildPhase;
			buildActionMask = 2147483647;
			files = (
				C51E4A7A16D35C2000F908C3 /* InfoPlist.strings in Resources */,
				C51E4A8016D35C2000F908C3 /* Credits.rtf in Resources */,
				C51E4A8616D35C2000F908C3 /* MainMenu.xib in Resources */,
			);
			runOnlyForDeploymentPostprocessing = 0;
		};
/* End PBXResourcesBuildPhase section */

/* Begin PBXSourcesBuildPhase section */
		C51E4A6816D35C2000F908C3 /* Sources */ = {
			isa = PBXSourcesBuildPhase;
			buildActionMask = 2147483647;
			files = (
				C51E4A7C16D35C2000F908C3 /* main.m in Sources */,
				C51E4A8316D35C2000F908C3 /* AppDelegate.m in Sources */,
				C51E4A8E16D35C4200F908C3 /* ALSplitView.m in Sources */,
			);
			runOnlyForDeploymentPostprocessing = 0;
		};
/* End PBXSourcesBuildPhase section */

/* Begin PBXVariantGroup section */
		C51E4A7816D35C2000F908C3 /* InfoPlist.strings */ = {
			isa = PBXVariantGroup;
			children = (
				C51E4A7916D35C2000F908C3 /* en */,
			);
			name = InfoPlist.strings;
			sourceTree = "<group>";
		};
		C51E4A7E16D35C2000F908C3 /* Credits.rtf */ = {
			isa = PBXVariantGroup;
			children = (
				C51E4A7F16D35C2000F908C3 /* en */,
			);
			name = Credits.rtf;
			sourceTree = "<group>";
		};
		C51E4A8416D35C2000F908C3 /* MainMenu.xib */ = {
			isa = PBXVariantGroup;
			children = (
				C51E4A8516D35C2000F908C3 /* en */,
			);
			name = MainMenu.xib;
			sourceTree = "<group>";
		};
/* End PBXVariantGroup section */

/* Begin XCBuildConfiguration section */
		C51E4A8716D35C2000F908C3 /* Debug */ = {
			isa = XCBuildConfiguration;
			buildSettings = {
				ALWAYS_SEARCH_USER_PATHS = NO;
				ARCHS = "$(ARCHS_STANDARD_64_BIT)";
				CLANG_CXX_LANGUAGE_STANDARD = "gnu++0x";
				CLANG_CXX_LIBRARY = "libc++";
				CLANG_WARN_CONSTANT_CONVERSION = YES;
				CLANG_WARN_EMPTY_BODY = YES;
				CLANG_WARN_ENUM_CONVERSION = YES;
				CLANG_WARN_INT_CONVERSION = YES;
				CLANG_WARN__DUPLICATE_METHOD_MATCH = YES;
				COPY_PHASE_STRIP = NO;
				GCC_C_LANGUAGE_STANDARD = gnu99;
				GCC_DYNAMIC_NO_PIC = NO;
				GCC_ENABLE_OBJC_EXCEPTIONS = YES;
				GCC_OPTIMIZATION_LEVEL = 0;
				GCC_PREPROCESSOR_DEFINITIONS = (
					"DEBUG=1",
					"$(inherited)",
				);
				GCC_SYMBOLS_PRIVATE_EXTERN = NO;
				GCC_WARN_64_TO_32_BIT_CONVERSION = YES;
				GCC_WARN_ABOUT_RETURN_TYPE = YES;
				GCC_WARN_UNINITIALIZED_AUTOS = YES;
				GCC_WARN_UNUSED_VARIABLE = YES;
				MACOSX_DEPLOYMENT_TARGET = 10.8;
				ONLY_ACTIVE_ARCH = YES;
				SDKROOT = macosx;
			};
			name = Debug;
		};
		C51E4A8816D35C2000F908C3 /* Release */ = {
			isa = XCBuildConfiguration;
			buildSettings = {
				ALWAYS_SEARCH_USER_PATHS = NO;
				ARCHS = "$(ARCHS_STANDARD_64_BIT)";
				CLANG_CXX_LANGUAGE_STANDARD = "gnu++0x";
				CLANG_CXX_LIBRARY = "libc++";
				CLANG_WARN_CONSTANT_CONVERSION = YES;
				CLANG_WARN_EMPTY_BODY = YES;
				CLANG_WARN_ENUM_CONVERSION = YES;
				CLANG_WARN_INT_CONVERSION = YES;
				CLANG_WARN__DUPLICATE_METHOD_MATCH = YES;
				COPY_PHASE_STRIP = YES;
				DEBUG_INFORMATION_FORMAT = "dwarf-with-dsym";
				GCC_C_LANGUAGE_STANDARD = gnu99;
				GCC_ENABLE_OBJC_EXCEPTIONS = YES;
				GCC_WARN_64_TO_32_BIT_CONVERSION = YES;
				GCC_WARN_ABOUT_RETURN_TYPE = YES;
				GCC_WARN_UNINITIALIZED_AUTOS = YES;
				GCC_WARN_UNUSED_VARIABLE = YES;
				MACOSX_DEPLOYMENT_TARGET = 10.8;
				SDKROOT = macosx;
			};
			name = Release;
		};
		C51E4A8A16D35C2000F908C3 /* Debug */ = {
			isa = XCBuildConfiguration;
			buildSettings = {
				COMBINE_HIDPI_IMAGES = YES;
				GCC_PRECOMPILE_PREFIX_HEADER = YES;
				GCC_PREFIX_HEADER = "ALSplitViewDemo/ALSplitViewDemo-Prefix.pch";
				INFOPLIST_FILE = "ALSplitViewDemo/ALSplitViewDemo-Info.plist";
				PRODUCT_NAME = "$(TARGET_NAME)";
				WRAPPER_EXTENSION = app;
			};
			name = Debug;
		};
		C51E4A8B16D35C2000F908C3 /* Release */ = {
			isa = XCBuildConfiguration;
			buildSettings = {
				COMBINE_HIDPI_IMAGES = YES;
				GCC_PRECOMPILE_PREFIX_HEADER = YES;
				GCC_PREFIX_HEADER = "ALSplitViewDemo/ALSplitViewDemo-Prefix.pch";
				INFOPLIST_FILE = "ALSplitViewDemo/ALSplitViewDemo-Info.plist";
				PRODUCT_NAME = "$(TARGET_NAME)";
				WRAPPER_EXTENSION = app;
			};
			name = Release;
		};
/* End XCBuildConfiguration section */

/* Begin XCConfigurationList section */
		C51E4A6716D35C2000F908C3 /* Build configuration list for PBXProject "ALSplitViewDemo" */ = {
			isa = XCConfigurationList;
			buildConfigurations = (
				C51E4A8716D35C2000F908C3 /* Debug */,
				C51E4A8816D35C2000F908C3 /* Release */,
			);
			defaultConfigurationIsVisible = 0;
			defaultConfigurationName = Release;
		};
		C51E4A8916D35C2000F908C3 /* Build configuration list for PBXNativeTarget "ALSplitViewDemo" */ = {
			isa = XCConfigurationList;
			buildConfigurations = (
				C51E4A8A16D35C2000F908C3 /* Debug */,
				C51E4A8B16D35C2000F908C3 /* Release */,
			);
			defaultConfigurationIsVisible = 0;
		};
/* End XCConfigurationList section */
	};
	rootObject = C51E4A6416D35C2000F908C3 /* Project object */;
}
